
Microsoft Visual Studio Solution File, Format Version 12.00
# Visual Studio Version 17
VisualStudioVersion = 17.2.32616.157
MinimumVisualStudioVersion = 10.0.40219.1
Project("{8BC9CEB8-8B4A-11D0-8D11-00A0C91BC942}") = "Project0721_fstream", "Project0721_fstream.vcxproj", "{DCA86D8F-EAD1-44F0-93E5-CA9602CABD0D}"
EndProject
Global
	GlobalSection(SolutionConfigurationPlatforms) = preSolution
		Debug|x64 = Debug|x64
		Debug|x86 = Debug|x86
		Release|x64 = Release|x64
		Release|x86 = Release|x86
	EndGlobalSection
	GlobalSection(ProjectConfigurationPlatforms) = postSolution
		{DCA86D8F-EAD1-44F0-93E5-CA9602CABD0D}.Debug|x64.ActiveCfg = Debug|x64
		{DCA86D8F-EAD1-44F0-93E5-CA9602CABD0D}.Debug|x64.Build.0 = Debug|x64
		{DCA86D8F-EAD1-44F0-93E5-CA9602CABD0D}.Debug|x86.ActiveCfg = Debug|Win32
		{DCA86D8F-EAD1-44F0-93E5-CA9602CABD0D}.Debug|x86.Build.0 = Debug|Win32
		{DCA86D8F-EAD1-44F0-93E5-CA9602CABD0D}.Release|x64.ActiveCfg = Release|x64
		{DCA86D8F-EAD1-44F0-93E5-CA9602CABD0D}.Release|x64.Build.0 = Release|x64
		{DCA86D8F-EAD1-44F0-93E5-CA9602CABD0D}.Release|x86.ActiveCfg = Release|Win32
		{DCA86D8F-EAD1-44F0-93E5-CA9602CABD0D}.Release|x86.Build.0 = Release|Win32
	EndGlobalSection
	GlobalSection(SolutionProperties) = preSolution
		HideSolutionNode = FALSE
	EndGlobalSection
	GlobalSection(ExtensibilityGlobals) = postSolution
		SolutionGuid = {395B5028-CBEF-4FBD-99CC-49A66434B21F}
	EndGlobalSection
EndGlobal
